
Microsoft Visual Studio Solution File, Format Version 11.00
# Visual Studio 2010
Project("{FAE04EC0-301F-11D3-BF4B-00C04F79EFBC}") = "OfficeAutomationHelperTesting", "OfficeAutomationHelper\OfficeAutomationHelperTesting.csproj", "{6B76A09D-3C4D-4AE0-978B-C9D3C4D7C633}"
EndProject
Global
	GlobalSection(SolutionConfigurationPlatforms) = preSolution
		Debug|x86 = Debug|x86
		Release|x86 = Release|x86
	EndGlobalSection
	GlobalSection(ProjectConfigurationPlatforms) = postSolution
		{6B76A09D-3C4D-4AE0-978B-C9D3C4D7C633}.Debug|x86.ActiveCfg = Debug|x86
		{6B76A09D-3C4D-4AE0-978B-C9D3C4D7C633}.Debug|x86.Build.0 = Debug|x86
		{6B76A09D-3C4D-4AE0-978B-C9D3C4D7C633}.Release|x86.ActiveCfg = Release|x86
		{6B76A09D-3C4D-4AE0-978B-C9D3C4D7C633}.Release|x86.Build.0 = Release|x86
	EndGlobalSection
	GlobalSection(SolutionProperties) = preSolution
		HideSolutionNode = FALSE
	EndGlobalSection
EndGlobal
